<?xml version="1.0" encoding="utf-8"?>
<Project ToolsVersion="4.0" xmlns="http://schemas.microsoft.com/developer/msbuild/2003">
  <ItemGroup>
    <Filter Include="Source Files">
      <UniqueIdentifier>{4FC737F1-C7A5-4376-A066-2A32D752A2FF}</UniqueIdentifier>
      <Extensions>cpp;c;cc;cxx;c++;cppm;ixx;def;odl;idl;hpj;bat;asm;asmx</Extensions>
    </Filter>
    <Filter Include="Header Files">
      <UniqueIdentifier>{93995380-89BD-4b04-88EB-625FBE52EBFB}</UniqueIdentifier>
      <Extensions>h;hh;hpp;hxx;h++;hm;inl;inc;ipp;xsd</Extensions>
    </Filter>
    <Filter Include="Resource Files">
      <UniqueIdentifier>{67DA6AB6-F800-4c08-8B7A-83BB121AAD01}</UniqueIdentifier>
      <Extensions>rc;ico;cur;bmp;dlg;rc2;rct;bin;rgs;gif;jpg;jpeg;jpe;resx;tiff;tif;png;wav;mfcribbon-ms</Extensions>
    </Filter>
  </ItemGroup>
  <ItemGroup>
    <ClInclude Include="CAirways.h">
      <Filter>Header Files</Filter>
    </ClInclude>
    <ClInclude Include="CAirwaysDlg.h">
      <Filter>Header Files</Filter>
    </ClInclude>
    <ClInclude Include="framework.h">
      <Filter>Header Files</Filter>
    </ClInclude>
    <ClInclude Include="targetver.h">
      <Filter>Header Files</Filter>
    </ClInclude>
    <ClInclude Include="Resource.h">
      <Filter>Header Files</Filter>
    </ClInclude>
    <ClInclude Include="pch.h">
      <Filter>Header Files</Filter>
    </ClInclude>
    <ClInclude Include="Flight.h">
      <Filter>Header Files</Filter>
    </ClInclude>
    <ClInclude Include="Person.h">
      <Filter>Header Files</Filter>
    </ClInclude>
    <ClInclude Include="Employee.h">
      <Filter>Header Files</Filter>
    </ClInclude>
    <ClInclude Include="Passenger.h">
      <Filter>Header Files</Filter>
    </ClInclude>
    <ClInclude Include="Tourist.h">
      <Filter>Header Files</Filter>
    </ClInclude>
    <ClInclude Include="Business.h">
      <Filter>Header Files</Filter>
    </ClInclude>
    <ClInclude Include="ADD_dlg.h">
      <Filter>Header Files</Filter>
    </ClInclude>
    <ClInclude Include="PlaneMap_dlg.h">
      <Filter>Header Files</Filter>
    </ClInclude>
    <ClInclude Include="Convert_dlg.h">
      <Filter>Header Files</Filter>
    </ClInclude>
    <ClInclude Include="EmpCHNG_dlg.h">
      <Filter>Header Files</Filter>
    </ClInclude>
    <ClInclude Include="BusiCNG_dlg.h">
      <Filter>Header Files</Filter>
    </ClInclude>
    <ClInclude Include="flightlist_dlg.h">
      <Filter>Header Files</Filter>
    </ClInclude>
    <ClInclude Include="cnfTR_dlg.h">
      <Filter>Header Files</Filter>
    </ClInclude>
    <ClInclude Include="TourSeats.h">
      <Filter>Header Files</Filter>
    </ClInclude>
  </ItemGroup>
  <ItemGroup>
    <ClCompile Include="CAirways.cpp">
      <Filter>Source Files</Filter>
    </ClCompile>
    <ClCompile Include="CAirwaysDlg.cpp">
      <Filter>Source Files</Filter>
    </ClCompile>
    <ClCompile Include="pch.cpp">
      <Filter>Source Files</Filter>
    </ClCompile>
    <ClCompile Include="Flight.cpp">
      <Filter>Source Files</Filter>
    </ClCompile>
    <ClCompile Include="Person.cpp">
      <Filter>Source Files</Filter>
    </ClCompile>
    <ClCompile Include="Employee.cpp">
      <Filter>Source Files</Filter>
    </ClCompile>
    <ClCompile Include="Passenger.cpp">
      <Filter>Source Files</Filter>
    </ClCompile>
    <ClCompile Include="Tourist.cpp">
      <Filter>Source Files</Filter>
    </ClCompile>
    <ClCompile Include="Business.cpp">
      <Filter>Source Files</Filter>
    </ClCompile>
    <ClCompile Include="ADD_dlg.cpp">
      <Filter>Source Files</Filter>
    </ClCompile>
    <ClCompile Include="PlaneMap_dlg.cpp">
      <Filter>Source Files</Filter>
    </ClCompile>
    <ClCompile Include="Convert_dlg.cpp">
      <Filter>Source Files</Filter>
    </ClCompile>
    <ClCompile Include="EmpCHNG_dlg.cpp">
      <Filter>Source Files</Filter>
    </ClCompile>
    <ClCompile Include="BusiCNG_dlg.cpp">
      <Filter>Source Files</Filter>
    </ClCompile>
    <ClCompile Include="flightlist_dlg.cpp">
      <Filter>Source Files</Filter>
    </ClCompile>
    <ClCompile Include="cnfTR_dlg.cpp">
      <Filter>Source Files</Filter>
    </ClCompile>
    <ClCompile Include="TourSeats.cpp">
      <Filter>Source Files</Filter>
    </ClCompile>
  </ItemGroup>
  <ItemGroup>
    <ResourceCompile Include="CAirways.rc">
      <Filter>Resource Files</Filter>
    </ResourceCompile>
  </ItemGroup>
  <ItemGroup>
    <None Include="res\CAirways.rc2">
      <Filter>Resource Files</Filter>
    </None>
  </ItemGroup>
  <ItemGroup>
    <Image Include="res\CAirways.ico">
      <Filter>Resource Files</Filter>
    </Image>
    <Image Include="D:\dayana\backapps\SKY.bmp">
      <Filter>Resource Files</Filter>
    </Image>
    <Image Include="res\bitmap1.bmp">
      <Filter>Resource Files</Filter>
    </Image>
    <Image Include="res\SKY.bmp">
      <Filter>Resource Files</Filter>
    </Image>
  </ItemGroup>
</Project>